<?xml version="1.0" encoding="utf-8"?>
<Project ToolsVersion="4.0" xmlns="http://schemas.microsoft.com/developer/msbuild/2003">
  <ItemGroup>
    <Filter Include="Source Files">
      <UniqueIdentifier>{4FC737F1-C7A5-4376-A066-2A32D752A2FF}</UniqueIdentifier>
      <Extensions>cpp;c;cc;cxx;c++;cppm;ixx;def;odl;idl;hpj;bat;asm;asmx</Extensions>
    </Filter>
    <Filter Include="Header Files">
      <UniqueIdentifier>{93995380-89BD-4b04-88EB-625FBE52EBFB}</UniqueIdentifier>
      <Extensions>h;hh;hpp;hxx;h++;hm;inl;inc;ipp;xsd</Extensions>
    </Filter>
    <Filter Include="Resource Files">
      <UniqueIdentifier>{67DA6AB6-F800-4c08-8B7A-83BB121AAD01}</UniqueIdentifier>
      <Extensions>rc;ico;cur;bmp;dlg;rc2;rct;bin;rgs;gif;jpg;jpeg;jpe;resx;tiff;tif;png;wav;mfcribbon-ms</Extensions>
    </Filter>
    <Filter Include="Sort">
      <UniqueIdentifier>{de4494f4-daf7-4734-b8d5-39749a6480cb}</UniqueIdentifier>
    </Filter>
    <Filter Include="LinkedList">
      <UniqueIdentifier>{1c40a304-c7b1-4858-9d08-3faaf4aad7a4}</UniqueIdentifier>
    </Filter>
    <Filter Include="Map">
      <UniqueIdentifier>{86abfec6-c606-4b84-b9b1-f546b6f6c328}</UniqueIdentifier>
    </Filter>
    <Filter Include="Vector">
      <UniqueIdentifier>{b0f8950a-f4ae-44a1-8a7f-196adab997bb}</UniqueIdentifier>
    </Filter>
    <Filter Include="HashMap">
      <UniqueIdentifier>{ce915f57-2bfc-442b-9c41-bb6d75ad8c73}</UniqueIdentifier>
    </Filter>
  </ItemGroup>
  <ItemGroup>
    <ClCompile Include="SortMain.cpp">
      <Filter>Sort</Filter>
    </ClCompile>
    <ClCompile Include="Sorted.cpp">
      <Filter>Sort</Filter>
    </ClCompile>
    <ClCompile Include="VectorMain.cpp">
      <Filter>Vector</Filter>
    </ClCompile>
    <ClCompile Include="LinkedListMain.cpp">
      <Filter>LinkedList</Filter>
    </ClCompile>
    <ClCompile Include="MyMap.cpp">
      <Filter>Map</Filter>
    </ClCompile>
    <ClCompile Include="HashMapMain.cpp">
      <Filter>HashMap</Filter>
    </ClCompile>
    <ClCompile Include="HashMap.cpp">
      <Filter>Source Files</Filter>
    </ClCompile>
  </ItemGroup>
  <ItemGroup>
    <ClInclude Include="Sorted.h">
      <Filter>Sort</Filter>
    </ClInclude>
    <ClInclude Include="MyStack.h">
      <Filter>Sort</Filter>
    </ClInclude>
    <ClInclude Include="MyVector.h">
      <Filter>Vector</Filter>
    </ClInclude>
    <ClInclude Include="MyLinkedList.h">
      <Filter>LinkedList</Filter>
    </ClInclude>
    <ClInclude Include="MyMap.h">
      <Filter>Map</Filter>
    </ClInclude>
    <ClInclude Include="HashMap.h">
      <Filter>HashMap</Filter>
    </ClInclude>
  </ItemGroup>
</Project>