<?xml version="1.0" encoding="utf-8"?>
<Project ToolsVersion="4.0" xmlns="http://schemas.microsoft.com/developer/msbuild/2003">
  <ItemGroup>
    <Filter Include="Source Files">
      <UniqueIdentifier>{4FC737F1-C7A5-4376-A066-2A32D752A2FF}</UniqueIdentifier>
      <Extensions>cpp;c;cc;cxx;c++;cppm;ixx;def;odl;idl;hpj;bat;asm;asmx</Extensions>
    </Filter>
    <Filter Include="Header Files">
      <UniqueIdentifier>{93995380-89BD-4b04-88EB-625FBE52EBFB}</UniqueIdentifier>
      <Extensions>h;hh;hpp;hxx;h++;hm;inl;inc;ipp;xsd</Extensions>
    </Filter>
    <Filter Include="Resource Files">
      <UniqueIdentifier>{67DA6AB6-F800-4c08-8B7A-83BB121AAD01}</UniqueIdentifier>
      <Extensions>rc;ico;cur;bmp;dlg;rc2;rct;bin;rgs;gif;jpg;jpeg;jpe;resx;tiff;tif;png;wav;mfcribbon-ms</Extensions>
    </Filter>
    <Filter Include="DinamicArray">
      <UniqueIdentifier>{5c1bddbe-b931-437b-9cbc-b9958ea9175e}</UniqueIdentifier>
    </Filter>
    <Filter Include="LinkedList">
      <UniqueIdentifier>{1b996bf2-1bd6-4860-9e6c-7bd44d286f57}</UniqueIdentifier>
    </Filter>
    <Filter Include="CDinamicArray">
      <UniqueIdentifier>{050c2709-3f0f-4ec8-a72f-3f4f9eadbec8}</UniqueIdentifier>
    </Filter>
    <Filter Include="CLinkedList">
      <UniqueIdentifier>{76f7159b-a9a0-4480-bda2-b6531d24ebac}</UniqueIdentifier>
    </Filter>
    <Filter Include="BinarySearchTree">
      <UniqueIdentifier>{c745161e-644b-460b-b51e-d3d6704ce079}</UniqueIdentifier>
    </Filter>
    <Filter Include="CMyList">
      <UniqueIdentifier>{729ff505-a220-4014-8b83-e6607ac324ec}</UniqueIdentifier>
    </Filter>
  </ItemGroup>
  <ItemGroup>
    <ClCompile Include="1.cpp">
      <Filter>Source Files</Filter>
    </ClCompile>
    <ClCompile Include="2.cpp">
      <Filter>Source Files</Filter>
    </ClCompile>
    <ClCompile Include="3.cpp">
      <Filter>Source Files</Filter>
    </ClCompile>
    <ClCompile Include="4.cpp">
      <Filter>Source Files</Filter>
    </ClCompile>
    <ClCompile Include="5.cpp">
      <Filter>Source Files</Filter>
    </ClCompile>
    <ClCompile Include="6.cpp">
      <Filter>Source Files</Filter>
    </ClCompile>
    <ClCompile Include="7.cpp">
      <Filter>Source Files</Filter>
    </ClCompile>
    <ClCompile Include="8.cpp">
      <Filter>Source Files</Filter>
    </ClCompile>
    <ClCompile Include="9.cpp">
      <Filter>Source Files</Filter>
    </ClCompile>
    <ClCompile Include="9Mod.cpp">
      <Filter>Source Files</Filter>
    </ClCompile>
    <ClCompile Include="10.cpp">
      <Filter>Source Files</Filter>
    </ClCompile>
    <ClCompile Include="Arr.cpp">
      <Filter>DinamicArray</Filter>
    </ClCompile>
    <ClCompile Include="main.cpp">
      <Filter>DinamicArray</Filter>
    </ClCompile>
    <ClCompile Include="LinkedList.cpp">
      <Filter>LinkedList</Filter>
    </ClCompile>
    <ClCompile Include="LinkedMain.cpp">
      <Filter>LinkedList</Filter>
    </ClCompile>
    <ClCompile Include="CArr.cpp">
      <Filter>CDinamicArray</Filter>
    </ClCompile>
    <ClCompile Include="CArrMain.cpp">
      <Filter>CDinamicArray</Filter>
    </ClCompile>
    <ClCompile Include="ListMain.cpp">
      <Filter>CLinkedList</Filter>
    </ClCompile>
    <ClCompile Include="MapMain.cpp">
      <Filter>BinarySearchTree</Filter>
    </ClCompile>
    <ClCompile Include="MyListMain.cpp">
      <Filter>CMyList</Filter>
    </ClCompile>
    <ClCompile Include="SortPra.cpp">
      <Filter>CMyList</Filter>
    </ClCompile>
  </ItemGroup>
  <ItemGroup>
    <ClInclude Include="Arr.h">
      <Filter>DinamicArray</Filter>
    </ClInclude>
    <ClInclude Include="LinkedList.h">
      <Filter>LinkedList</Filter>
    </ClInclude>
    <ClInclude Include="CArr.h">
      <Filter>CDinamicArray</Filter>
    </ClInclude>
    <ClInclude Include="CList.h">
      <Filter>CLinkedList</Filter>
    </ClInclude>
    <ClInclude Include="Map.h">
      <Filter>BinarySearchTree</Filter>
    </ClInclude>
    <ClInclude Include="List.h">
      <Filter>CMyList</Filter>
    </ClInclude>
    <ClInclude Include="DinamicArr.h">
      <Filter>CMyList</Filter>
    </ClInclude>
    <ClInclude Include="Sorted.h">
      <Filter>CMyList</Filter>
    </ClInclude>
  </ItemGroup>
</Project>